{
  "nodes": {
    "eldev": {
      "flake": false,
      "locked": {
        "lastModified": 1662672849,
        "narHash": "sha256-yna3SPVUb6Dzt0Wrl7EY05oNrGHSFVJL1QFhUKNb3DQ=",
        "owner": "doublep",
        "repo": "eldev",
        "rev": "659f4d9c97a44cf29ded5594b3f5de8da99ec973",
        "type": "github"
      },
      "original": {
        "owner": "doublep",
        "ref": "1.2.2",
        "repo": "eldev",
        "type": "github"
      }
    },
    "emacs-overlay": {
      "inputs": {
        "flake-utils": "flake-utils",
        "nixpkgs": "nixpkgs"
      },
      "locked": {
        "lastModified": 1664793678,
        "narHash": "sha256-RCSaFgr3ClSNuPyYRWcnUfFVud9vJsGMf5oB+9CA0SA=",
        "owner": "nix-community",
        "repo": "emacs-overlay",
        "rev": "be61e5636f4c7478c0093ace59bc7512e320feaa",
        "type": "github"
      },
      "original": {
        "id": "emacs-overlay",
        "type": "indirect"
      }
    },
    "flake-utils": {
      "locked": {
        "lastModified": 1659877975,
        "narHash": "sha256-zllb8aq3YO3h8B/U0/J1WBgAL8EX5yWf5pMj3G0NAmc=",
        "owner": "numtide",
        "repo": "flake-utils",
        "rev": "c0e246b9b83f637f4681389ecabcb2681b4f3af0",
        "type": "github"
      },
      "original": {
        "owner": "numtide",
        "repo": "flake-utils",
        "type": "github"
      }
    },
    "nixpkgs": {
      "locked": {
        "lastModified": 0,
        "narHash": "sha256-+EukKkeAx6ithOLM1u5x4D12ZFuoi6vpPYjhNDmLz1o=",
        "path": "/nix/store/k6h78frhk0w6ll4w7dfdh7fa5y0kdxkq-source",
        "type": "path"
      },
      "original": {
        "id": "nixpkgs",
        "type": "indirect"
      }
    },
    "nixpkgs_2": {
      "locked": {
        "lastModified": 0,
        "narHash": "sha256-+EukKkeAx6ithOLM1u5x4D12ZFuoi6vpPYjhNDmLz1o=",
        "path": "/nix/store/k6h78frhk0w6ll4w7dfdh7fa5y0kdxkq-source",
        "type": "path"
      },
      "original": {
        "id": "nixpkgs",
        "type": "indirect"
      }
    },
    "root": {
      "inputs": {
        "eldev": "eldev",
        "emacs-overlay": "emacs-overlay",
        "nixpkgs": "nixpkgs_2"
      }
    }
  },
  "root": "root",
  "version": 7
}
